
Microsoft Visual Studio Solution File, Format Version 12.00
# Visual Studio Version 17
VisualStudioVersion = 17.0.31903.59
MinimumVisualStudioVersion = 10.0.40219.1
Project("{2150E333-8FDC-42A3-9474-1A3956D46DE8}") = "src", "src", "{827E0CD3-B72D-47B6-A68D-7590B98EB39B}"
EndProject
Project("{FAE04EC0-301F-11D3-BF4B-00C04F79EFBC}") = "Bloomlings.Content", "src\Bloomlings.Content\Bloomlings.Content.csproj", "{32B423B8-74BE-4E7E-BE9E-F097A16D1F93}"
EndProject
Project("{FAE04EC0-301F-11D3-BF4B-00C04F79EFBC}") = "Bloomlings.Core", "src\Bloomlings.Core\Bloomlings.Core.csproj", "{1092E05F-A996-4DC0-835D-B930CD4AFB8D}"
EndProject
Project("{FAE04EC0-301F-11D3-BF4B-00C04F79EFBC}") = "Bloomlings.Generator", "src\Bloomlings.Generator\Bloomlings.Generator.csproj", "{A6917928-C999-4C5B-850A-FED1B9C3C181}"
EndProject
Project("{FAE04EC0-301F-11D3-BF4B-00C04F79EFBC}") = "Bloomlings.Solver", "src\Bloomlings.Solver\Bloomlings.Solver.csproj", "{BF291965-2112-40D1-8050-770DF2A9C74D}"
EndProject
Project("{FAE04EC0-301F-11D3-BF4B-00C04F79EFBC}") = "Bloomlings.Pipeline", "src\Bloomlings.Pipeline\Bloomlings.Pipeline.csproj", "{A78049C8-AC46-49AA-B189-286CB372C36C}"
EndProject
Project("{2150E333-8FDC-42A3-9474-1A3956D46DE8}") = "tests", "tests", "{0AB3BF05-4346-4AA6-1389-037BE0695223}"
EndProject
Project("{FAE04EC0-301F-11D3-BF4B-00C04F79EFBC}") = "Bloomlings.Content.Tests", "tests\Bloomlings.Content.Tests\Bloomlings.Content.Tests.csproj", "{D4BEB9AA-728E-4A72-A00A-106A0F91AFD6}"
EndProject
Project("{FAE04EC0-301F-11D3-BF4B-00C04F79EFBC}") = "Bloomlings.Core.Tests", "tests\Bloomlings.Core.Tests\Bloomlings.Core.Tests.csproj", "{0CA11C9E-53C6-4EBF-A2D8-B6F0E4313A9A}"
EndProject
Project("{FAE04EC0-301F-11D3-BF4B-00C04F79EFBC}") = "Bloomlings.Generator.Tests", "tests\Bloomlings.Generator.Tests\Bloomlings.Generator.Tests.csproj", "{AD79A979-A1E3-489C-993F-1C3CD441C6C3}"
EndProject
Project("{FAE04EC0-301F-11D3-BF4B-00C04F79EFBC}") = "Bloomlings.Solver.Tests", "tests\Bloomlings.Solver.Tests\Bloomlings.Solver.Tests.csproj", "{B875829E-8FF4-4746-84E2-7FFD5051E89B}"
EndProject
Project("{FAE04EC0-301F-11D3-BF4B-00C04F79EFBC}") = "Bloomlings.Pipeline.Tests", "tests\Bloomlings.Pipeline.Tests\Bloomlings.Pipeline.Tests.csproj", "{C4E3E02E-1BE6-4FCD-8AE9-78BD272477CA}"
EndProject
Global
	GlobalSection(SolutionConfigurationPlatforms) = preSolution
		Debug|Any CPU = Debug|Any CPU
		Debug|x64 = Debug|x64
		Debug|x86 = Debug|x86
		Release|Any CPU = Release|Any CPU
		Release|x64 = Release|x64
		Release|x86 = Release|x86
	EndGlobalSection
	GlobalSection(ProjectConfigurationPlatforms) = postSolution
		{32B423B8-74BE-4E7E-BE9E-F097A16D1F93}.Debug|Any CPU.ActiveCfg = Debug|Any CPU
		{32B423B8-74BE-4E7E-BE9E-F097A16D1F93}.Debug|Any CPU.Build.0 = Debug|Any CPU
		{32B423B8-74BE-4E7E-BE9E-F097A16D1F93}.Debug|x64.ActiveCfg = Debug|Any CPU
		{32B423B8-74BE-4E7E-BE9E-F097A16D1F93}.Debug|x64.Build.0 = Debug|Any CPU
		{32B423B8-74BE-4E7E-BE9E-F097A16D1F93}.Debug|x86.ActiveCfg = Debug|Any CPU
		{32B423B8-74BE-4E7E-BE9E-F097A16D1F93}.Debug|x86.Build.0 = Debug|Any CPU
		{32B423B8-74BE-4E7E-BE9E-F097A16D1F93}.Release|Any CPU.ActiveCfg = Release|Any CPU
		{32B423B8-74BE-4E7E-BE9E-F097A16D1F93}.Release|Any CPU.Build.0 = Release|Any CPU
		{32B423B8-74BE-4E7E-BE9E-F097A16D1F93}.Release|x64.ActiveCfg = Release|Any CPU
		{32B423B8-74BE-4E7E-BE9E-F097A16D1F93}.Release|x64.Build.0 = Release|Any CPU
		{32B423B8-74BE-4E7E-BE9E-F097A16D1F93}.Release|x86.ActiveCfg = Release|Any CPU
		{32B423B8-74BE-4E7E-BE9E-F097A16D1F93}.Release|x86.Build.0 = Release|Any CPU
		{1092E05F-A996-4DC0-835D-B930CD4AFB8D}.Debug|Any CPU.ActiveCfg = Debug|Any CPU
		{1092E05F-A996-4DC0-835D-B930CD4AFB8D}.Debug|Any CPU.Build.0 = Debug|Any CPU
		{1092E05F-A996-4DC0-835D-B930CD4AFB8D}.Debug|x64.ActiveCfg = Debug|Any CPU
		{1092E05F-A996-4DC0-835D-B930CD4AFB8D}.Debug|x64.Build.0 = Debug|Any CPU
		{1092E05F-A996-4DC0-835D-B930CD4AFB8D}.Debug|x86.ActiveCfg = Debug|Any CPU
		{1092E05F-A996-4DC0-835D-B930CD4AFB8D}.Debug|x86.Build.0 = Debug|Any CPU
		{1092E05F-A996-4DC0-835D-B930CD4AFB8D}.Release|Any CPU.ActiveCfg = Release|Any CPU
		{1092E05F-A996-4DC0-835D-B930CD4AFB8D}.Release|Any CPU.Build.0 = Release|Any CPU
		{1092E05F-A996-4DC0-835D-B930CD4AFB8D}.Release|x64.ActiveCfg = Release|Any CPU
		{1092E05F-A996-4DC0-835D-B930CD4AFB8D}.Release|x64.Build.0 = Release|Any CPU
		{1092E05F-A996-4DC0-835D-B930CD4AFB8D}.Release|x86.ActiveCfg = Release|Any CPU
		{1092E05F-A996-4DC0-835D-B930CD4AFB8D}.Release|x86.Build.0 = Release|Any CPU
		{A6917928-C999-4C5B-850A-FED1B9C3C181}.Debug|Any CPU.ActiveCfg = Debug|Any CPU
		{A6917928-C999-4C5B-850A-FED1B9C3C181}.Debug|Any CPU.Build.0 = Debug|Any CPU
		{A6917928-C999-4C5B-850A-FED1B9C3C181}.Debug|x64.ActiveCfg = Debug|Any CPU
		{A6917928-C999-4C5B-850A-FED1B9C3C181}.Debug|x64.Build.0 = Debug|Any CPU
		{A6917928-C999-4C5B-850A-FED1B9C3C181}.Debug|x86.ActiveCfg = Debug|Any CPU
		{A6917928-C999-4C5B-850A-FED1B9C3C181}.Debug|x86.Build.0 = Debug|Any CPU
		{A6917928-C999-4C5B-850A-FED1B9C3C181}.Release|Any CPU.ActiveCfg = Release|Any CPU
		{A6917928-C999-4C5B-850A-FED1B9C3C181}.Release|Any CPU.Build.0 = Release|Any CPU
		{A6917928-C999-4C5B-850A-FED1B9C3C181}.Release|x64.ActiveCfg = Release|Any CPU
		{A6917928-C999-4C5B-850A-FED1B9C3C181}.Release|x64.Build.0 = Release|Any CPU
		{A6917928-C999-4C5B-850A-FED1B9C3C181}.Release|x86.ActiveCfg = Release|Any CPU
		{A6917928-C999-4C5B-850A-FED1B9C3C181}.Release|x86.Build.0 = Release|Any CPU
		{BF291965-2112-40D1-8050-770DF2A9C74D}.Debug|Any CPU.ActiveCfg = Debug|Any CPU
		{BF291965-2112-40D1-8050-770DF2A9C74D}.Debug|Any CPU.Build.0 = Debug|Any CPU
		{BF291965-2112-40D1-8050-770DF2A9C74D}.Debug|x64.ActiveCfg = Debug|Any CPU
		{BF291965-2112-40D1-8050-770DF2A9C74D}.Debug|x64.Build.0 = Debug|Any CPU
		{BF291965-2112-40D1-8050-770DF2A9C74D}.Debug|x86.ActiveCfg = Debug|Any CPU
		{BF291965-2112-40D1-8050-770DF2A9C74D}.Debug|x86.Build.0 = Debug|Any CPU
		{BF291965-2112-40D1-8050-770DF2A9C74D}.Release|Any CPU.ActiveCfg = Release|Any CPU
		{BF291965-2112-40D1-8050-770DF2A9C74D}.Release|Any CPU.Build.0 = Release|Any CPU
		{BF291965-2112-40D1-8050-770DF2A9C74D}.Release|x64.ActiveCfg = Release|Any CPU
		{BF291965-2112-40D1-8050-770DF2A9C74D}.Release|x64.Build.0 = Release|Any CPU
		{BF291965-2112-40D1-8050-770DF2A9C74D}.Release|x86.ActiveCfg = Release|Any CPU
		{BF291965-2112-40D1-8050-770DF2A9C74D}.Release|x86.Build.0 = Release|Any CPU
		{A78049C8-AC46-49AA-B189-286CB372C36C}.Debug|Any CPU.ActiveCfg = Debug|Any CPU
		{A78049C8-AC46-49AA-B189-286CB372C36C}.Debug|Any CPU.Build.0 = Debug|Any CPU
		{A78049C8-AC46-49AA-B189-286CB372C36C}.Debug|x64.ActiveCfg = Debug|Any CPU
		{A78049C8-AC46-49AA-B189-286CB372C36C}.Debug|x64.Build.0 = Debug|Any CPU
		{A78049C8-AC46-49AA-B189-286CB372C36C}.Debug|x86.ActiveCfg = Debug|Any CPU
		{A78049C8-AC46-49AA-B189-286CB372C36C}.Debug|x86.Build.0 = Debug|Any CPU
		{A78049C8-AC46-49AA-B189-286CB372C36C}.Release|Any CPU.ActiveCfg = Release|Any CPU
		{A78049C8-AC46-49AA-B189-286CB372C36C}.Release|Any CPU.Build.0 = Release|Any CPU
		{A78049C8-AC46-49AA-B189-286CB372C36C}.Release|x64.ActiveCfg = Release|Any CPU
		{A78049C8-AC46-49AA-B189-286CB372C36C}.Release|x64.Build.0 = Release|Any CPU
		{A78049C8-AC46-49AA-B189-286CB372C36C}.Release|x86.ActiveCfg = Release|Any CPU
		{A78049C8-AC46-49AA-B189-286CB372C36C}.Release|x86.Build.0 = Release|Any CPU
		{D4BEB9AA-728E-4A72-A00A-106A0F91AFD6}.Debug|Any CPU.ActiveCfg = Debug|Any CPU
		{D4BEB9AA-728E-4A72-A00A-106A0F91AFD6}.Debug|Any CPU.Build.0 = Debug|Any CPU
		{D4BEB9AA-728E-4A72-A00A-106A0F91AFD6}.Debug|x64.ActiveCfg = Debug|Any CPU
		{D4BEB9AA-728E-4A72-A00A-106A0F91AFD6}.Debug|x64.Build.0 = Debug|Any CPU
		{D4BEB9AA-728E-4A72-A00A-106A0F91AFD6}.Debug|x86.ActiveCfg = Debug|Any CPU
		{D4BEB9AA-728E-4A72-A00A-106A0F91AFD6}.Debug|x86.Build.0 = Debug|Any CPU
		{D4BEB9AA-728E-4A72-A00A-106A0F91AFD6}.Release|Any CPU.ActiveCfg = Release|Any CPU
		{D4BEB9AA-728E-4A72-A00A-106A0F91AFD6}.Release|Any CPU.Build.0 = Release|Any CPU
		{D4BEB9AA-728E-4A72-A00A-106A0F91AFD6}.Release|x64.ActiveCfg = Release|Any CPU
		{D4BEB9AA-728E-4A72-A00A-106A0F91AFD6}.Release|x64.Build.0 = Release|Any CPU
		{D4BEB9AA-728E-4A72-A00A-106A0F91AFD6}.Release|x86.ActiveCfg = Release|Any CPU
		{D4BEB9AA-728E-4A72-A00A-106A0F91AFD6}.Release|x86.Build.0 = Release|Any CPU
		{0CA11C9E-53C6-4EBF-A2D8-B6F0E4313A9A}.Debug|Any CPU.ActiveCfg = Debug|Any CPU
		{0CA11C9E-53C6-4EBF-A2D8-B6F0E4313A9A}.Debug|Any CPU.Build.0 = Debug|Any CPU
		{0CA11C9E-53C6-4EBF-A2D8-B6F0E4313A9A}.Debug|x64.ActiveCfg = Debug|Any CPU
		{0CA11C9E-53C6-4EBF-A2D8-B6F0E4313A9A}.Debug|x64.Build.0 = Debug|Any CPU
		{0CA11C9E-53C6-4EBF-A2D8-B6F0E4313A9A}.Debug|x86.ActiveCfg = Debug|Any CPU
		{0CA11C9E-53C6-4EBF-A2D8-B6F0E4313A9A}.Debug|x86.Build.0 = Debug|Any CPU
		{0CA11C9E-53C6-4EBF-A2D8-B6F0E4313A9A}.Release|Any CPU.ActiveCfg = Release|Any CPU
		{0CA11C9E-53C6-4EBF-A2D8-B6F0E4313A9A}.Release|Any CPU.Build.0 = Release|Any CPU
		{0CA11C9E-53C6-4EBF-A2D8-B6F0E4313A9A}.Release|x64.ActiveCfg = Release|Any CPU
		{0CA11C9E-53C6-4EBF-A2D8-B6F0E4313A9A}.Release|x64.Build.0 = Release|Any CPU
		{0CA11C9E-53C6-4EBF-A2D8-B6F0E4313A9A}.Release|x86.ActiveCfg = Release|Any CPU
		{0CA11C9E-53C6-4EBF-A2D8-B6F0E4313A9A}.Release|x86.Build.0 = Release|Any CPU
		{AD79A979-A1E3-489C-993F-1C3CD441C6C3}.Debug|Any CPU.ActiveCfg = Debug|Any CPU
		{AD79A979-A1E3-489C-993F-1C3CD441C6C3}.Debug|Any CPU.Build.0 = Debug|Any CPU
		{AD79A979-A1E3-489C-993F-1C3CD441C6C3}.Debug|x64.ActiveCfg = Debug|Any CPU
		{AD79A979-A1E3-489C-993F-1C3CD441C6C3}.Debug|x64.Build.0 = Debug|Any CPU
		{AD79A979-A1E3-489C-993F-1C3CD441C6C3}.Debug|x86.ActiveCfg = Debug|Any CPU
		{AD79A979-A1E3-489C-993F-1C3CD441C6C3}.Debug|x86.Build.0 = Debug|Any CPU
		{AD79A979-A1E3-489C-993F-1C3CD441C6C3}.Release|Any CPU.ActiveCfg = Release|Any CPU
		{AD79A979-A1E3-489C-993F-1C3CD441C6C3}.Release|Any CPU.Build.0 = Release|Any CPU
		{AD79A979-A1E3-489C-993F-1C3CD441C6C3}.Release|x64.ActiveCfg = Release|Any CPU
		{AD79A979-A1E3-489C-993F-1C3CD441C6C3}.Release|x64.Build.0 = Release|Any CPU
		{AD79A979-A1E3-489C-993F-1C3CD441C6C3}.Release|x86.ActiveCfg = Release|Any CPU
		{AD79A979-A1E3-489C-993F-1C3CD441C6C3}.Release|x86.Build.0 = Release|Any CPU
		{B875829E-8FF4-4746-84E2-7FFD5051E89B}.Debug|Any CPU.ActiveCfg = Debug|Any CPU
		{B875829E-8FF4-4746-84E2-7FFD5051E89B}.Debug|Any CPU.Build.0 = Debug|Any CPU
		{B875829E-8FF4-4746-84E2-7FFD5051E89B}.Debug|x64.ActiveCfg = Debug|Any CPU
		{B875829E-8FF4-4746-84E2-7FFD5051E89B}.Debug|x64.Build.0 = Debug|Any CPU
		{B875829E-8FF4-4746-84E2-7FFD5051E89B}.Debug|x86.ActiveCfg = Debug|Any CPU
		{B875829E-8FF4-4746-84E2-7FFD5051E89B}.Debug|x86.Build.0 = Debug|Any CPU
		{B875829E-8FF4-4746-84E2-7FFD5051E89B}.Release|Any CPU.ActiveCfg = Release|Any CPU
		{B875829E-8FF4-4746-84E2-7FFD5051E89B}.Release|Any CPU.Build.0 = Release|Any CPU
		{B875829E-8FF4-4746-84E2-7FFD5051E89B}.Release|x64.ActiveCfg = Release|Any CPU
		{B875829E-8FF4-4746-84E2-7FFD5051E89B}.Release|x64.Build.0 = Release|Any CPU
		{B875829E-8FF4-4746-84E2-7FFD5051E89B}.Release|x86.ActiveCfg = Release|Any CPU
		{B875829E-8FF4-4746-84E2-7FFD5051E89B}.Release|x86.Build.0 = Release|Any CPU
		{C4E3E02E-1BE6-4FCD-8AE9-78BD272477CA}.Debug|Any CPU.ActiveCfg = Debug|Any CPU
		{C4E3E02E-1BE6-4FCD-8AE9-78BD272477CA}.Debug|Any CPU.Build.0 = Debug|Any CPU
		{C4E3E02E-1BE6-4FCD-8AE9-78BD272477CA}.Debug|x64.ActiveCfg = Debug|Any CPU
		{C4E3E02E-1BE6-4FCD-8AE9-78BD272477CA}.Debug|x64.Build.0 = Debug|Any CPU
		{C4E3E02E-1BE6-4FCD-8AE9-78BD272477CA}.Debug|x86.ActiveCfg = Debug|Any CPU
		{C4E3E02E-1BE6-4FCD-8AE9-78BD272477CA}.Debug|x86.Build.0 = Debug|Any CPU
		{C4E3E02E-1BE6-4FCD-8AE9-78BD272477CA}.Release|Any CPU.ActiveCfg = Release|Any CPU
		{C4E3E02E-1BE6-4FCD-8AE9-78BD272477CA}.Release|Any CPU.Build.0 = Release|Any CPU
		{C4E3E02E-1BE6-4FCD-8AE9-78BD272477CA}.Release|x64.ActiveCfg = Release|Any CPU
		{C4E3E02E-1BE6-4FCD-8AE9-78BD272477CA}.Release|x64.Build.0 = Release|Any CPU
		{C4E3E02E-1BE6-4FCD-8AE9-78BD272477CA}.Release|x86.ActiveCfg = Release|Any CPU
		{C4E3E02E-1BE6-4FCD-8AE9-78BD272477CA}.Release|x86.Build.0 = Release|Any CPU
	EndGlobalSection
	GlobalSection(SolutionProperties) = preSolution
		HideSolutionNode = FALSE
	EndGlobalSection
	GlobalSection(NestedProjects) = preSolution
		{32B423B8-74BE-4E7E-BE9E-F097A16D1F93} = {827E0CD3-B72D-47B6-A68D-7590B98EB39B}
		{1092E05F-A996-4DC0-835D-B930CD4AFB8D} = {827E0CD3-B72D-47B6-A68D-7590B98EB39B}
		{A6917928-C999-4C5B-850A-FED1B9C3C181} = {827E0CD3-B72D-47B6-A68D-7590B98EB39B}
		{BF291965-2112-40D1-8050-770DF2A9C74D} = {827E0CD3-B72D-47B6-A68D-7590B98EB39B}
		{A78049C8-AC46-49AA-B189-286CB372C36C} = {827E0CD3-B72D-47B6-A68D-7590B98EB39B}
		{D4BEB9AA-728E-4A72-A00A-106A0F91AFD6} = {0AB3BF05-4346-4AA6-1389-037BE0695223}
		{0CA11C9E-53C6-4EBF-A2D8-B6F0E4313A9A} = {0AB3BF05-4346-4AA6-1389-037BE0695223}
		{AD79A979-A1E3-489C-993F-1C3CD441C6C3} = {0AB3BF05-4346-4AA6-1389-037BE0695223}
		{B875829E-8FF4-4746-84E2-7FFD5051E89B} = {0AB3BF05-4346-4AA6-1389-037BE0695223}
		{C4E3E02E-1BE6-4FCD-8AE9-78BD272477CA} = {0AB3BF05-4346-4AA6-1389-037BE0695223}
	EndGlobalSection
EndGlobal
